
Microsoft Visual Studio Solution File, Format Version 12.00
# Visual Studio Version 17
VisualStudioVersion = 17.8.34309.116
MinimumVisualStudioVersion = 10.0.40219.1
Project("{FAE04EC0-301F-11D3-BF4B-00C04F79EFBC}") = "The Social Network Task", "The Social Network Task\The Social Network Task.csproj", "{D7DF22A8-BDDF-4EE4-BA6C-0C3093A96DED}"
EndProject
Global
	GlobalSection(SolutionConfigurationPlatforms) = preSolution
		Debug|Any CPU = Debug|Any CPU
		Release|Any CPU = Release|Any CPU
	EndGlobalSection
	GlobalSection(ProjectConfigurationPlatforms) = postSolution
		{D7DF22A8-BDDF-4EE4-BA6C-0C3093A96DED}.Debug|Any CPU.ActiveCfg = Debug|Any CPU
		{D7DF22A8-BDDF-4EE4-BA6C-0C3093A96DED}.Debug|Any CPU.Build.0 = Debug|Any CPU
		{D7DF22A8-BDDF-4EE4-BA6C-0C3093A96DED}.Release|Any CPU.ActiveCfg = Release|Any CPU
		{D7DF22A8-BDDF-4EE4-BA6C-0C3093A96DED}.Release|Any CPU.Build.0 = Release|Any CPU
	EndGlobalSection
	GlobalSection(SolutionProperties) = preSolution
		HideSolutionNode = FALSE
	EndGlobalSection
	GlobalSection(ExtensibilityGlobals) = postSolution
		SolutionGuid = {7539B7A8-6054-4685-990E-995DFA028159}
	EndGlobalSection
EndGlobal
